
Microsoft Visual Studio Solution File, Format Version 12.00
# Visual Studio 15
VisualStudioVersion = 15.0.27004.2009
MinimumVisualStudioVersion = 10.0.40219.1
Project("{FAE04EC0-301F-11D3-BF4B-00C04F79EFBC}") = "Proiect_DPO", "Proiect_DPO\Proiect_DPO.csproj", "{AC8AC8E8-F375-48B7-814E-650980085FB3}"
EndProject
Project("{FAE04EC0-301F-11D3-BF4B-00C04F79EFBC}") = "Interfata", "Interfata\Interfata.csproj", "{43DF10F5-D7D9-4B9F-B117-C02800CC02FB}"
EndProject
Global
	GlobalSection(SolutionConfigurationPlatforms) = preSolution
		Debug|Any CPU = Debug|Any CPU
		Release|Any CPU = Release|Any CPU
	EndGlobalSection
	GlobalSection(ProjectConfigurationPlatforms) = postSolution
		{AC8AC8E8-F375-48B7-814E-650980085FB3}.Debug|Any CPU.ActiveCfg = Debug|Any CPU
		{AC8AC8E8-F375-48B7-814E-650980085FB3}.Debug|Any CPU.Build.0 = Debug|Any CPU
		{AC8AC8E8-F375-48B7-814E-650980085FB3}.Release|Any CPU.ActiveCfg = Release|Any CPU
		{AC8AC8E8-F375-48B7-814E-650980085FB3}.Release|Any CPU.Build.0 = Release|Any CPU
		{43DF10F5-D7D9-4B9F-B117-C02800CC02FB}.Debug|Any CPU.ActiveCfg = Debug|Any CPU
		{43DF10F5-D7D9-4B9F-B117-C02800CC02FB}.Debug|Any CPU.Build.0 = Debug|Any CPU
		{43DF10F5-D7D9-4B9F-B117-C02800CC02FB}.Release|Any CPU.ActiveCfg = Release|Any CPU
		{43DF10F5-D7D9-4B9F-B117-C02800CC02FB}.Release|Any CPU.Build.0 = Release|Any CPU
	EndGlobalSection
	GlobalSection(SolutionProperties) = preSolution
		HideSolutionNode = FALSE
	EndGlobalSection
	GlobalSection(ExtensibilityGlobals) = postSolution
		SolutionGuid = {3E45A2F4-52EE-47FB-9F84-CB2ECB9DD39E}
	EndGlobalSection
EndGlobal
